// !$*UTF8*$!
{
	archiveVersion = 1;
	classes = {
	};
	objectVersion = 77;
	objects = {

/* Begin PBXBuildFile section */
		032D4327F9DF700B0DAA02CB /* Assets.xcassets in Resources */ = {isa = PBXBuildFile; fileRef = D0EF776D63062A306819D429 /* Assets.xcassets */; };
		0BE7EC01F051C82EA2A1F21E /* GlomerisExecutableLocator.swift in Sources */ = {isa = PBXBuildFile; fileRef = A4CC4E617F0CB236D6E83B8A /* GlomerisExecutableLocator.swift */; };
		16531098D8F4B46001EBF26D /* GlomerisVocabulary.swift in Sources */ = {isa = PBXBuildFile; fileRef = 9D48A22858E94A17C0A670F4 /* GlomerisVocabulary.swift */; };
		16AA10E03BADC1769185075A /* GlomerisCliIdentityTests.swift in Sources */ = {isa = PBXBuildFile; fileRef = 309C5D9C5225309746B98B1F /* GlomerisCliIdentityTests.swift */; };
		17F5854E45F07F642EDCBC75 /* MenuBarAppearance.swift in Sources */ = {isa = PBXBuildFile; fileRef = 856468BC1E164E5D94FFBC9D /* MenuBarAppearance.swift */; };
		1AFD92B6FDCC3D55D137614C /* CandidateActionability.swift in Sources */ = {isa = PBXBuildFile; fileRef = BE2C8052F902D4945D73B022 /* CandidateActionability.swift */; };
		1F1FE9086F33A50BC1E49EFF /* SingleInstanceGuard.swift in Sources */ = {isa = PBXBuildFile; fileRef = 32DF9E12B32B0A4F24572FA8 /* SingleInstanceGuard.swift */; };
		24E8F3886E209400E58A9387 /* AiProviderPreferencesViewTests.swift in Sources */ = {isa = PBXBuildFile; fileRef = C45E203D8214154FE63F6DAD /* AiProviderPreferencesViewTests.swift */; };
		2827AD2ABB4D9B3FF64489F2 /* GlomerisDesignSystem.swift in Sources */ = {isa = PBXBuildFile; fileRef = F0D343988045ECE0F0B72093 /* GlomerisDesignSystem.swift */; };
		3165A2E5224163803248FF2D /* MenuBarAppearanceTests.swift in Sources */ = {isa = PBXBuildFile; fileRef = C0359A703B0EC625794FFEAF /* MenuBarAppearanceTests.swift */; };
		316F2E44994F8F44D10C01F6 /* ProjectRootsPreferencesView.swift in Sources */ = {isa = PBXBuildFile; fileRef = B8A0A74D7AB855F1B6916985 /* ProjectRootsPreferencesView.swift */; };
		36F60F807942391399DB01D2 /* ProjectRootsPreferencesView.swift in Sources */ = {isa = PBXBuildFile; fileRef = B8A0A74D7AB855F1B6916985 /* ProjectRootsPreferencesView.swift */; };
		3B5353546293268FBB22E4E6 /* ApplyPlanViewTests.swift in Sources */ = {isa = PBXBuildFile; fileRef = D2EC959107399B1D4F311033 /* ApplyPlanViewTests.swift */; };
		3BB765B0E0F2903C61FAAB7F /* CandidateDetailViewTests.swift in Sources */ = {isa = PBXBuildFile; fileRef = AD31600BC7E939520CBFE799 /* CandidateDetailViewTests.swift */; };
		3ED66478457DDD7A1A300158 /* GlomerisClientTests.swift in Sources */ = {isa = PBXBuildFile; fileRef = 47250A5B4D152C9EE65C9F49 /* GlomerisClientTests.swift */; };
		3F2B44719B74A21F10643721 /* CredentialStore.swift in Sources */ = {isa = PBXBuildFile; fileRef = 5E2434F70295E81CCDEA48C9 /* CredentialStore.swift */; };
		4094F21D50AAD82C5CD8E3ED /* GlomerisByteFormat.swift in Sources */ = {isa = PBXBuildFile; fileRef = CAB8A9241AA91E088AF94047 /* GlomerisByteFormat.swift */; };
		4DBC6EFFE7B8C5F3149625F5 /* AutopilotPreferencesTests.swift in Sources */ = {isa = PBXBuildFile; fileRef = 9A24913599DF33AA9961C0A7 /* AutopilotPreferencesTests.swift */; };
		5393C26940014C01F01AFAF3 /* CredentialStoreAccessTests.swift in Sources */ = {isa = PBXBuildFile; fileRef = 77AAAEBAAAE62AE8B7FD1118 /* CredentialStoreAccessTests.swift */; };
		5574CDBBE4BC468971B1A704 /* PlanApplication.swift in Sources */ = {isa = PBXBuildFile; fileRef = 8906B36CF3E4AA34D9E7564C /* PlanApplication.swift */; };
		55B5C40973107DD6F226F493 /* BundleIdentity.swift in Sources */ = {isa = PBXBuildFile; fileRef = 3F64EDD803CBF517A519597B /* BundleIdentity.swift */; };
		562ED5C34CC7EBDE31C962DE /* ApplyPlanView.swift in Sources */ = {isa = PBXBuildFile; fileRef = 9E169B1E4235782D6C59E4FE /* ApplyPlanView.swift */; };
		56F73C2BCC1F258A41649D5E /* StatusHealthSectionView.swift in Sources */ = {isa = PBXBuildFile; fileRef = 702FC176DA9694CDEA648E8A /* StatusHealthSectionView.swift */; };
		58C4BC24751B58EFB279C852 /* GlomerisDtos.swift in Sources */ = {isa = PBXBuildFile; fileRef = 369DFF13FAF9E42E7B08AF3F /* GlomerisDtos.swift */; };
		58E636471320C9A52E2E8E57 /* GlomerisDesignSystem.swift in Sources */ = {isa = PBXBuildFile; fileRef = F0D343988045ECE0F0B72093 /* GlomerisDesignSystem.swift */; };
		5C25EFF7FAF885E8A3A53016 /* PlanApplication.swift in Sources */ = {isa = PBXBuildFile; fileRef = 8906B36CF3E4AA34D9E7564C /* PlanApplication.swift */; };
		65357E877F95058389A8C311 /* HistoryAuditSectionView.swift in Sources */ = {isa = PBXBuildFile; fileRef = 572A0F15A4840A54F5B9B4D8 /* HistoryAuditSectionView.swift */; };
		6617AB7D0383955250A95CD0 /* GlomerisLlmSettingsKeychainDeadlineTests.swift in Sources */ = {isa = PBXBuildFile; fileRef = D77BE309ED2F0147644C00F8 /* GlomerisLlmSettingsKeychainDeadlineTests.swift */; };
		66FFC9C14B1A422451DC56ED /* GlomerisLlmSettingsStore.swift in Sources */ = {isa = PBXBuildFile; fileRef = 558C6D9B51E2DBA8DFBEA99D /* GlomerisLlmSettingsStore.swift */; };
		67877F0AB6306B03114DDDDD /* GlomerisVocabulary.swift in Sources */ = {isa = PBXBuildFile; fileRef = 9D48A22858E94A17C0A670F4 /* GlomerisVocabulary.swift */; };
		6C58229013620B28F0455D6F /* GlomerisByteFormat.swift in Sources */ = {isa = PBXBuildFile; fileRef = CAB8A9241AA91E088AF94047 /* GlomerisByteFormat.swift */; };
		6D9DD1B21DA0C217B8B11758 /* GlomerisDesignSystemTests.swift in Sources */ = {isa = PBXBuildFile; fileRef = BECB6ADDEAAC408D1C8FBD6A /* GlomerisDesignSystemTests.swift */; };
		6EDF8A0DD97C09CBCE5ABE8A /* OverviewState.swift in Sources */ = {isa = PBXBuildFile; fileRef = 1A38DA67075A1D20749AA40B /* OverviewState.swift */; };
		6EF44220294C701CFE6C2DC0 /* SingleInstanceGuardTests.swift in Sources */ = {isa = PBXBuildFile; fileRef = D0803EC181FBF0B0D1507D2C /* SingleInstanceGuardTests.swift */; };
		7234B87DA614D063F3FB6063 /* AiPlanSectionView.swift in Sources */ = {isa = PBXBuildFile; fileRef = D4F2E709BCC8869676C1A53C /* AiPlanSectionView.swift */; };
		74B89E9F04018A21BB2E177A /* GlomerisExecutableLocatorTests.swift in Sources */ = {isa = PBXBuildFile; fileRef = 25A3E6A530DA68EDBAE46ED8 /* GlomerisExecutableLocatorTests.swift */; };
		75B85E1DE42B288E5148DDFE /* ApplyPlanView.swift in Sources */ = {isa = PBXBuildFile; fileRef = 9E169B1E4235782D6C59E4FE /* ApplyPlanView.swift */; };
		7765D1EC48C4DACF135BD63F /* OverviewState.swift in Sources */ = {isa = PBXBuildFile; fileRef = 1A38DA67075A1D20749AA40B /* OverviewState.swift */; };
		79370CF11525490DD5B73CC3 /* CredentialStore.swift in Sources */ = {isa = PBXBuildFile; fileRef = 5E2434F70295E81CCDEA48C9 /* CredentialStore.swift */; };
		7994B235BE871884E2AEAB08 /* BundleIdentity.swift in Sources */ = {isa = PBXBuildFile; fileRef = 3F64EDD803CBF517A519597B /* BundleIdentity.swift */; };
		7B6DDC175DFBFBB860E5CBA5 /* BundleIdentityTests.swift in Sources */ = {isa = PBXBuildFile; fileRef = 67657A18FF00E7828983C8BC /* BundleIdentityTests.swift */; };
		7D61BB3D174236A429452646 /* OverviewStateTests.swift in Sources */ = {isa = PBXBuildFile; fileRef = FEC3A7ED8C30CBA9ECC33527 /* OverviewStateTests.swift */; };
		7F89092A2FEA202C9405C241 /* CredentialAccessList.swift in Sources */ = {isa = PBXBuildFile; fileRef = 74C6C8DE3240E7647ACE73E5 /* CredentialAccessList.swift */; };
		7FFD77E56D8CF3CE1D989A71 /* GlomerisCliIdentity.swift in Sources */ = {isa = PBXBuildFile; fileRef = 28CD7E46959C90D96BA19391 /* GlomerisCliIdentity.swift */; };
		81DD0203CA5AE10816276612 /* SpokenLabel.swift in Sources */ = {isa = PBXBuildFile; fileRef = A98FAC22B023BB94EA556577 /* SpokenLabel.swift */; };
		847FDF28A3C3FFE0307946CF /* GlomerisMenuBarApp.swift in Sources */ = {isa = PBXBuildFile; fileRef = 29CCC97F9DEA1F53F834AF90 /* GlomerisMenuBarApp.swift */; };
		861A2E9ED2F71299D3BB44C9 /* ProjectRootsStore.swift in Sources */ = {isa = PBXBuildFile; fileRef = 017031320C8922881F4739BC /* ProjectRootsStore.swift */; };
		86AAAE7934B24C3234B3C04D /* HistoryAuditSectionViewTests.swift in Sources */ = {isa = PBXBuildFile; fileRef = A258960CB7D0D961F0980060 /* HistoryAuditSectionViewTests.swift */; };
		86BD83AA3245ED6F3B7F381A /* CandidateDetailView.swift in Sources */ = {isa = PBXBuildFile; fileRef = D860B979BAE33AB0C8032041 /* CandidateDetailView.swift */; };
		871C68E0439087303FCBF13E /* MenuBarAppearance.swift in Sources */ = {isa = PBXBuildFile; fileRef = 856468BC1E164E5D94FFBC9D /* MenuBarAppearance.swift */; };
		89543AEC87E7A164FB4ABCB1 /* ProjectRootsStore.swift in Sources */ = {isa = PBXBuildFile; fileRef = 017031320C8922881F4739BC /* ProjectRootsStore.swift */; };
		8B353B39BE18016E0CA9624F /* ProjectRootsStoreTests.swift in Sources */ = {isa = PBXBuildFile; fileRef = DA84B79B4966F05DE18D3127 /* ProjectRootsStoreTests.swift */; };
		9105F63CB2E9FF2919AC35A0 /* AutopilotPreferencesView.swift in Sources */ = {isa = PBXBuildFile; fileRef = B1380BC06C4397CFAC168B41 /* AutopilotPreferencesView.swift */; };
		A2F3A16A6E272E1B72C78FBA /* GlomerisPopoverView.swift in Sources */ = {isa = PBXBuildFile; fileRef = CCB103016472A37B7F09292B /* GlomerisPopoverView.swift */; };
		A407F3D2CBB4A2C23A6AED8E /* SpokenLabel.swift in Sources */ = {isa = PBXBuildFile; fileRef = A98FAC22B023BB94EA556577 /* SpokenLabel.swift */; };
		A9ABA737E2A4AC531B8640A0 /* TestUserDefaults.swift in Sources */ = {isa = PBXBuildFile; fileRef = 8E5B2CB785BF50188F2E792A /* TestUserDefaults.swift */; };
		AC11DF07CE9974ECB729106B /* GlomerisVocabularyTests.swift in Sources */ = {isa = PBXBuildFile; fileRef = 7FB1194E381928C94F7317F0 /* GlomerisVocabularyTests.swift */; };
		AD262762180A887D1B0A3A98 /* GlomerisMark.swift in Sources */ = {isa = PBXBuildFile; fileRef = A98E13E5FE5F4E90FE76683D /* GlomerisMark.swift */; };
		AF71CB2F7EFCFF57F96E2F16 /* AiProviderPreferencesView.swift in Sources */ = {isa = PBXBuildFile; fileRef = A92F507D373F1362C628C3E5 /* AiProviderPreferencesView.swift */; };
		B2BCA8412F04D8109ED23332 /* GlomerisCliIdentity.swift in Sources */ = {isa = PBXBuildFile; fileRef = 28CD7E46959C90D96BA19391 /* GlomerisCliIdentity.swift */; };
		B30687757F8D76B7C8516A4B /* StatusHealthSectionView.swift in Sources */ = {isa = PBXBuildFile; fileRef = 702FC176DA9694CDEA648E8A /* StatusHealthSectionView.swift */; };
		B67B4B02F9A450278A3D05E3 /* CandidateActionability.swift in Sources */ = {isa = PBXBuildFile; fileRef = BE2C8052F902D4945D73B022 /* CandidateActionability.swift */; };
		BB985CDBDBE0F9250002A518 /* GlomerisByteFormatTests.swift in Sources */ = {isa = PBXBuildFile; fileRef = 5F7646F95623F0FC1FF170C4 /* GlomerisByteFormatTests.swift */; };
		BC822B8BD45C6AB26F4F7806 /* GlomerisClient.swift in Sources */ = {isa = PBXBuildFile; fileRef = E9A9B369FF29B89DBF7F2098 /* GlomerisClient.swift */; };
		BE11AF504111C29A277E925E /* CandidatesSectionViewTests.swift in Sources */ = {isa = PBXBuildFile; fileRef = 7DCE0D8BAF4CB001ABD98651 /* CandidatesSectionViewTests.swift */; };
		C49D0E67DB2391025B3E7064 /* GlomerisClient.swift in Sources */ = {isa = PBXBuildFile; fileRef = E9A9B369FF29B89DBF7F2098 /* GlomerisClient.swift */; };
		C6E8468205A2CAB47BAB1DD3 /* CandidateActionabilityTests.swift in Sources */ = {isa = PBXBuildFile; fileRef = 3A53644BB794034A97C1F10C /* CandidateActionabilityTests.swift */; };
		C79301D61905D743C5B5B52C /* GlomerisPopoverViewTests.swift in Sources */ = {isa = PBXBuildFile; fileRef = 2538D1D665F56D4E896B4CE2 /* GlomerisPopoverViewTests.swift */; };
		D0A81955E6A629C95685F942 /* SpokenLabelTests.swift in Sources */ = {isa = PBXBuildFile; fileRef = 8AA164A09246B00F00F33DAB /* SpokenLabelTests.swift */; };
		D6F31E0EADCBEAC38E264880 /* ProjectRootsPreferencesViewTests.swift in Sources */ = {isa = PBXBuildFile; fileRef = 8530A7EB7932829E63C60741 /* ProjectRootsPreferencesViewTests.swift */; };
		D805860E0E262487C92ED4A4 /* CandidateDetailView.swift in Sources */ = {isa = PBXBuildFile; fileRef = D860B979BAE33AB0C8032041 /* CandidateDetailView.swift */; };
		DB5D8383B59675585CAAAB8A /* AiPlanSectionViewTests.swift in Sources */ = {isa = PBXBuildFile; fileRef = 36EE9AEE6CFFB2A901A60ECB /* AiPlanSectionViewTests.swift */; };
		DD869D2E04323DCF4BD5FB50 /* CredentialAccessListTests.swift in Sources */ = {isa = PBXBuildFile; fileRef = 0A4F457D173A23C0AD61CBDF /* CredentialAccessListTests.swift */; };
		E67F00D16D2CAFE9E74443CB /* CandidatesSectionView.swift in Sources */ = {isa = PBXBuildFile; fileRef = 99AE9DB7825B14D9B1584B47 /* CandidatesSectionView.swift */; };
		E88B4CFA5ACC97B1DB28CC07 /* GlomerisExecutableLocator.swift in Sources */ = {isa = PBXBuildFile; fileRef = A4CC4E617F0CB236D6E83B8A /* GlomerisExecutableLocator.swift */; };
		EAA07A11FEF627787AF615A7 /* AiProviderPreferencesView.swift in Sources */ = {isa = PBXBuildFile; fileRef = A92F507D373F1362C628C3E5 /* AiProviderPreferencesView.swift */; };
		EAF02170CFE44E89AEC4F1C4 /* DtoGoldenFixturesTests.swift in Sources */ = {isa = PBXBuildFile; fileRef = 8DD38E68A0373439B59F1F98 /* DtoGoldenFixturesTests.swift */; };
		EBB34681F1C98CE6EAA54A59 /* StatusHealthSectionViewTests.swift in Sources */ = {isa = PBXBuildFile; fileRef = 298ADFCC189E89897778A649 /* StatusHealthSectionViewTests.swift */; };
		F02109622780C1A0908FBA13 /* GlomerisMarkTests.swift in Sources */ = {isa = PBXBuildFile; fileRef = E6C31AEE5EEA87EE3D3B5617 /* GlomerisMarkTests.swift */; };
		F1DD66A98AC4E98714F4B3D8 /* GlomerisMark.swift in Sources */ = {isa = PBXBuildFile; fileRef = A98E13E5FE5F4E90FE76683D /* GlomerisMark.swift */; };
		F20FD170CF572BC838F8FFD0 /* CredentialAccessList.swift in Sources */ = {isa = PBXBuildFile; fileRef = 74C6C8DE3240E7647ACE73E5 /* CredentialAccessList.swift */; };
		F343796D3574F7D76569AFD0 /* AiPlanSectionView.swift in Sources */ = {isa = PBXBuildFile; fileRef = D4F2E709BCC8869676C1A53C /* AiPlanSectionView.swift */; };
		F4BEEB6C6E3D375FAE6D4CF5 /* SingleInstanceGuard.swift in Sources */ = {isa = PBXBuildFile; fileRef = 32DF9E12B32B0A4F24572FA8 /* SingleInstanceGuard.swift */; };
		F5C7757C1A78DEEA5F600852 /* PlanApplicationTests.swift in Sources */ = {isa = PBXBuildFile; fileRef = DADBD41F34721D97EB1E2605 /* PlanApplicationTests.swift */; };
		F74F65D0FD1B4A09F0CD73ED /* AutopilotPreferencesView.swift in Sources */ = {isa = PBXBuildFile; fileRef = B1380BC06C4397CFAC168B41 /* AutopilotPreferencesView.swift */; };
		F9DFFB9F1710A9D696739189 /* CandidatesSectionView.swift in Sources */ = {isa = PBXBuildFile; fileRef = 99AE9DB7825B14D9B1584B47 /* CandidatesSectionView.swift */; };
		FB7D6E34A8080F27244D3231 /* GlomerisLlmSettingsStore.swift in Sources */ = {isa = PBXBuildFile; fileRef = 558C6D9B51E2DBA8DFBEA99D /* GlomerisLlmSettingsStore.swift */; };
		FD0DC61712EB0E3D13511E64 /* HistoryAuditSectionView.swift in Sources */ = {isa = PBXBuildFile; fileRef = 572A0F15A4840A54F5B9B4D8 /* HistoryAuditSectionView.swift */; };
		FE6FA55FAB445D053031CA6B /* GlomerisLlmSettingsStoreTests.swift in Sources */ = {isa = PBXBuildFile; fileRef = 10A827F907A91AEA5B790A11 /* GlomerisLlmSettingsStoreTests.swift */; };
		FF4279359E3CFEB3CC188913 /* GlomerisDtos.swift in Sources */ = {isa = PBXBuildFile; fileRef = 369DFF13FAF9E42E7B08AF3F /* GlomerisDtos.swift */; };
/* End PBXBuildFile section */

/* Begin PBXFileReference section */
		017031320C8922881F4739BC /* ProjectRootsStore.swift */ = {isa = PBXFileReference; lastKnownFileType = sourcecode.swift; path = ProjectRootsStore.swift; sourceTree = "<group>"; };
		0A4F457D173A23C0AD61CBDF /* CredentialAccessListTests.swift */ = {isa = PBXFileReference; lastKnownFileType = sourcecode.swift; path = CredentialAccessListTests.swift; sourceTree = "<group>"; };
		10A827F907A91AEA5B790A11 /* GlomerisLlmSettingsStoreTests.swift */ = {isa = PBXFileReference; lastKnownFileType = sourcecode.swift; path = GlomerisLlmSettingsStoreTests.swift; sourceTree = "<group>"; };
		1A38DA67075A1D20749AA40B /* OverviewState.swift */ = {isa = PBXFileReference; lastKnownFileType = sourcecode.swift; path = OverviewState.swift; sourceTree = "<group>"; };
		21EAA0AF0BF260EF2309C429 /* GlomerisMenuBarTests.xctest */ = {isa = PBXFileReference; explicitFileType = wrapper.cfbundle; includeInIndex = 0; path = GlomerisMenuBarTests.xctest; sourceTree = BUILT_PRODUCTS_DIR; };
		2538D1D665F56D4E896B4CE2 /* GlomerisPopoverViewTests.swift */ = {isa = PBXFileReference; lastKnownFileType = sourcecode.swift; path = GlomerisPopoverViewTests.swift; sourceTree = "<group>"; };
		25A3E6A530DA68EDBAE46ED8 /* GlomerisExecutableLocatorTests.swift */ = {isa = PBXFileReference; lastKnownFileType = sourcecode.swift; path = GlomerisExecutableLocatorTests.swift; sourceTree = "<group>"; };
		28CD7E46959C90D96BA19391 /* GlomerisCliIdentity.swift */ = {isa = PBXFileReference; lastKnownFileType = sourcecode.swift; path = GlomerisCliIdentity.swift; sourceTree = "<group>"; };
		298ADFCC189E89897778A649 /* StatusHealthSectionViewTests.swift */ = {isa = PBXFileReference; lastKnownFileType = sourcecode.swift; path = StatusHealthSectionViewTests.swift; sourceTree = "<group>"; };
		29CCC97F9DEA1F53F834AF90 /* GlomerisMenuBarApp.swift */ = {isa = PBXFileReference; lastKnownFileType = sourcecode.swift; path = GlomerisMenuBarApp.swift; sourceTree = "<group>"; };
		309C5D9C5225309746B98B1F /* GlomerisCliIdentityTests.swift */ = {isa = PBXFileReference; lastKnownFileType = sourcecode.swift; path = GlomerisCliIdentityTests.swift; sourceTree = "<group>"; };
		32DF9E12B32B0A4F24572FA8 /* SingleInstanceGuard.swift */ = {isa = PBXFileReference; lastKnownFileType = sourcecode.swift; path = SingleInstanceGuard.swift; sourceTree = "<group>"; };
		369DFF13FAF9E42E7B08AF3F /* GlomerisDtos.swift */ = {isa = PBXFileReference; lastKnownFileType = sourcecode.swift; path = GlomerisDtos.swift; sourceTree = "<group>"; };
		36EE9AEE6CFFB2A901A60ECB /* AiPlanSectionViewTests.swift */ = {isa = PBXFileReference; lastKnownFileType = sourcecode.swift; path = AiPlanSectionViewTests.swift; sourceTree = "<group>"; };
		3A53644BB794034A97C1F10C /* CandidateActionabilityTests.swift */ = {isa = PBXFileReference; lastKnownFileType = sourcecode.swift; path = CandidateActionabilityTests.swift; sourceTree = "<group>"; };
		3F64EDD803CBF517A519597B /* BundleIdentity.swift */ = {isa = PBXFileReference; lastKnownFileType = sourcecode.swift; path = BundleIdentity.swift; sourceTree = "<group>"; };
		47250A5B4D152C9EE65C9F49 /* GlomerisClientTests.swift */ = {isa = PBXFileReference; lastKnownFileType = sourcecode.swift; path = GlomerisClientTests.swift; sourceTree = "<group>"; };
		558C6D9B51E2DBA8DFBEA99D /* GlomerisLlmSettingsStore.swift */ = {isa = PBXFileReference; lastKnownFileType = sourcecode.swift; path = GlomerisLlmSettingsStore.swift; sourceTree = "<group>"; };
		572A0F15A4840A54F5B9B4D8 /* HistoryAuditSectionView.swift */ = {isa = PBXFileReference; lastKnownFileType = sourcecode.swift; path = HistoryAuditSectionView.swift; sourceTree = "<group>"; };
		5E2434F70295E81CCDEA48C9 /* CredentialStore.swift */ = {isa = PBXFileReference; lastKnownFileType = sourcecode.swift; path = CredentialStore.swift; sourceTree = "<group>"; };
		5F7646F95623F0FC1FF170C4 /* GlomerisByteFormatTests.swift */ = {isa = PBXFileReference; lastKnownFileType = sourcecode.swift; path = GlomerisByteFormatTests.swift; sourceTree = "<group>"; };
		67657A18FF00E7828983C8BC /* BundleIdentityTests.swift */ = {isa = PBXFileReference; lastKnownFileType = sourcecode.swift; path = BundleIdentityTests.swift; sourceTree = "<group>"; };
		702FC176DA9694CDEA648E8A /* StatusHealthSectionView.swift */ = {isa = PBXFileReference; lastKnownFileType = sourcecode.swift; path = StatusHealthSectionView.swift; sourceTree = "<group>"; };
		734678C2344EF491614D0692 /* GlomerisMenuBar.app */ = {isa = PBXFileReference; explicitFileType = wrapper.application; includeInIndex = 0; path = GlomerisMenuBar.app; sourceTree = BUILT_PRODUCTS_DIR; };
		74C6C8DE3240E7647ACE73E5 /* CredentialAccessList.swift */ = {isa = PBXFileReference; lastKnownFileType = sourcecode.swift; path = CredentialAccessList.swift; sourceTree = "<group>"; };
		77AAAEBAAAE62AE8B7FD1118 /* CredentialStoreAccessTests.swift */ = {isa = PBXFileReference; lastKnownFileType = sourcecode.swift; path = CredentialStoreAccessTests.swift; sourceTree = "<group>"; };
		7DCE0D8BAF4CB001ABD98651 /* CandidatesSectionViewTests.swift */ = {isa = PBXFileReference; lastKnownFileType = sourcecode.swift; path = CandidatesSectionViewTests.swift; sourceTree = "<group>"; };
		7FB1194E381928C94F7317F0 /* GlomerisVocabularyTests.swift */ = {isa = PBXFileReference; lastKnownFileType = sourcecode.swift; path = GlomerisVocabularyTests.swift; sourceTree = "<group>"; };
		8530A7EB7932829E63C60741 /* ProjectRootsPreferencesViewTests.swift */ = {isa = PBXFileReference; lastKnownFileType = sourcecode.swift; path = ProjectRootsPreferencesViewTests.swift; sourceTree = "<group>"; };
		856468BC1E164E5D94FFBC9D /* MenuBarAppearance.swift */ = {isa = PBXFileReference; lastKnownFileType = sourcecode.swift; path = MenuBarAppearance.swift; sourceTree = "<group>"; };
		8906B36CF3E4AA34D9E7564C /* PlanApplication.swift */ = {isa = PBXFileReference; lastKnownFileType = sourcecode.swift; path = PlanApplication.swift; sourceTree = "<group>"; };
		8AA164A09246B00F00F33DAB /* SpokenLabelTests.swift */ = {isa = PBXFileReference; lastKnownFileType = sourcecode.swift; path = SpokenLabelTests.swift; sourceTree = "<group>"; };
		8DD38E68A0373439B59F1F98 /* DtoGoldenFixturesTests.swift */ = {isa = PBXFileReference; lastKnownFileType = sourcecode.swift; path = DtoGoldenFixturesTests.swift; sourceTree = "<group>"; };
		8E5B2CB785BF50188F2E792A /* TestUserDefaults.swift */ = {isa = PBXFileReference; lastKnownFileType = sourcecode.swift; path = TestUserDefaults.swift; sourceTree = "<group>"; };
		99AE9DB7825B14D9B1584B47 /* CandidatesSectionView.swift */ = {isa = PBXFileReference; lastKnownFileType = sourcecode.swift; path = CandidatesSectionView.swift; sourceTree = "<group>"; };
		9A24913599DF33AA9961C0A7 /* AutopilotPreferencesTests.swift */ = {isa = PBXFileReference; lastKnownFileType = sourcecode.swift; path = AutopilotPreferencesTests.swift; sourceTree = "<group>"; };
		9D48A22858E94A17C0A670F4 /* GlomerisVocabulary.swift */ = {isa = PBXFileReference; lastKnownFileType = sourcecode.swift; path = GlomerisVocabulary.swift; sourceTree = "<group>"; };
		9E169B1E4235782D6C59E4FE /* ApplyPlanView.swift */ = {isa = PBXFileReference; lastKnownFileType = sourcecode.swift; path = ApplyPlanView.swift; sourceTree = "<group>"; };
		A258960CB7D0D961F0980060 /* HistoryAuditSectionViewTests.swift */ = {isa = PBXFileReference; lastKnownFileType = sourcecode.swift; path = HistoryAuditSectionViewTests.swift; sourceTree = "<group>"; };
		A4CC4E617F0CB236D6E83B8A /* GlomerisExecutableLocator.swift */ = {isa = PBXFileReference; lastKnownFileType = sourcecode.swift; path = GlomerisExecutableLocator.swift; sourceTree = "<group>"; };
		A92F507D373F1362C628C3E5 /* AiProviderPreferencesView.swift */ = {isa = PBXFileReference; lastKnownFileType = sourcecode.swift; path = AiProviderPreferencesView.swift; sourceTree = "<group>"; };
		A98E13E5FE5F4E90FE76683D /* GlomerisMark.swift */ = {isa = PBXFileReference; lastKnownFileType = sourcecode.swift; path = GlomerisMark.swift; sourceTree = "<group>"; };
		A98FAC22B023BB94EA556577 /* SpokenLabel.swift */ = {isa = PBXFileReference; lastKnownFileType = sourcecode.swift; path = SpokenLabel.swift; sourceTree = "<group>"; };
		AD31600BC7E939520CBFE799 /* CandidateDetailViewTests.swift */ = {isa = PBXFileReference; lastKnownFileType = sourcecode.swift; path = CandidateDetailViewTests.swift; sourceTree = "<group>"; };
		B1380BC06C4397CFAC168B41 /* AutopilotPreferencesView.swift */ = {isa = PBXFileReference; lastKnownFileType = sourcecode.swift; path = AutopilotPreferencesView.swift; sourceTree = "<group>"; };
		B8A0A74D7AB855F1B6916985 /* ProjectRootsPreferencesView.swift */ = {isa = PBXFileReference; lastKnownFileType = sourcecode.swift; path = ProjectRootsPreferencesView.swift; sourceTree = "<group>"; };
		BE2C8052F902D4945D73B022 /* CandidateActionability.swift */ = {isa = PBXFileReference; lastKnownFileType = sourcecode.swift; path = CandidateActionability.swift; sourceTree = "<group>"; };
		BECB6ADDEAAC408D1C8FBD6A /* GlomerisDesignSystemTests.swift */ = {isa = PBXFileReference; lastKnownFileType = sourcecode.swift; path = GlomerisDesignSystemTests.swift; sourceTree = "<group>"; };
		C0359A703B0EC625794FFEAF /* MenuBarAppearanceTests.swift */ = {isa = PBXFileReference; lastKnownFileType = sourcecode.swift; path = MenuBarAppearanceTests.swift; sourceTree = "<group>"; };
		C45E203D8214154FE63F6DAD /* AiProviderPreferencesViewTests.swift */ = {isa = PBXFileReference; lastKnownFileType = sourcecode.swift; path = AiProviderPreferencesViewTests.swift; sourceTree = "<group>"; };
		C6C6CC02C2C88B2B364E5697 /* Info.plist */ = {isa = PBXFileReference; lastKnownFileType = text.plist; path = Info.plist; sourceTree = "<group>"; };
		CAB8A9241AA91E088AF94047 /* GlomerisByteFormat.swift */ = {isa = PBXFileReference; lastKnownFileType = sourcecode.swift; path = GlomerisByteFormat.swift; sourceTree = "<group>"; };
		CCB103016472A37B7F09292B /* GlomerisPopoverView.swift */ = {isa = PBXFileReference; lastKnownFileType = sourcecode.swift; path = GlomerisPopoverView.swift; sourceTree = "<group>"; };
		D0803EC181FBF0B0D1507D2C /* SingleInstanceGuardTests.swift */ = {isa = PBXFileReference; lastKnownFileType = sourcecode.swift; path = SingleInstanceGuardTests.swift; sourceTree = "<group>"; };
		D0EF776D63062A306819D429 /* Assets.xcassets */ = {isa = PBXFileReference; lastKnownFileType = folder.assetcatalog; path = Assets.xcassets; sourceTree = "<group>"; };
		D2EC959107399B1D4F311033 /* ApplyPlanViewTests.swift */ = {isa = PBXFileReference; lastKnownFileType = sourcecode.swift; path = ApplyPlanViewTests.swift; sourceTree = "<group>"; };
		D4F2E709BCC8869676C1A53C /* AiPlanSectionView.swift */ = {isa = PBXFileReference; lastKnownFileType = sourcecode.swift; path = AiPlanSectionView.swift; sourceTree = "<group>"; };
		D77BE309ED2F0147644C00F8 /* GlomerisLlmSettingsKeychainDeadlineTests.swift */ = {isa = PBXFileReference; lastKnownFileType = sourcecode.swift; path = GlomerisLlmSettingsKeychainDeadlineTests.swift; sourceTree = "<group>"; };
		D860B979BAE33AB0C8032041 /* CandidateDetailView.swift */ = {isa = PBXFileReference; lastKnownFileType = sourcecode.swift; path = CandidateDetailView.swift; sourceTree = "<group>"; };
		DA84B79B4966F05DE18D3127 /* ProjectRootsStoreTests.swift */ = {isa = PBXFileReference; lastKnownFileType = sourcecode.swift; path = ProjectRootsStoreTests.swift; sourceTree = "<group>"; };
		DADBD41F34721D97EB1E2605 /* PlanApplicationTests.swift */ = {isa = PBXFileReference; lastKnownFileType = sourcecode.swift; path = PlanApplicationTests.swift; sourceTree = "<group>"; };
		E6C31AEE5EEA87EE3D3B5617 /* GlomerisMarkTests.swift */ = {isa = PBXFileReference; lastKnownFileType = sourcecode.swift; path = GlomerisMarkTests.swift; sourceTree = "<group>"; };
		E9A9B369FF29B89DBF7F2098 /* GlomerisClient.swift */ = {isa = PBXFileReference; lastKnownFileType = sourcecode.swift; path = GlomerisClient.swift; sourceTree = "<group>"; };
		F0D343988045ECE0F0B72093 /* GlomerisDesignSystem.swift */ = {isa = PBXFileReference; lastKnownFileType = sourcecode.swift; path = GlomerisDesignSystem.swift; sourceTree = "<group>"; };
		FEC3A7ED8C30CBA9ECC33527 /* OverviewStateTests.swift */ = {isa = PBXFileReference; lastKnownFileType = sourcecode.swift; path = OverviewStateTests.swift; sourceTree = "<group>"; };
/* End PBXFileReference section */

/* Begin PBXGroup section */
		30AD9D69A69435E3F4BF51C6 = {
			isa = PBXGroup;
			children = (
				A78603AE2D97932D442753FD /* Sources */,
				CA888BC39EFF016BD89F799C /* Tests */,
				96A7B4FBD52BC22C02359010 /* Products */,
			);
			sourceTree = "<group>";
		};
		96A7B4FBD52BC22C02359010 /* Products */ = {
			isa = PBXGroup;
			children = (
				734678C2344EF491614D0692 /* GlomerisMenuBar.app */,
				21EAA0AF0BF260EF2309C429 /* GlomerisMenuBarTests.xctest */,
			);
			name = Products;
			sourceTree = "<group>";
		};
		A78603AE2D97932D442753FD /* Sources */ = {
			isa = PBXGroup;
			children = (
				D4F2E709BCC8869676C1A53C /* AiPlanSectionView.swift */,
				A92F507D373F1362C628C3E5 /* AiProviderPreferencesView.swift */,
				9E169B1E4235782D6C59E4FE /* ApplyPlanView.swift */,
				D0EF776D63062A306819D429 /* Assets.xcassets */,
				B1380BC06C4397CFAC168B41 /* AutopilotPreferencesView.swift */,
				3F64EDD803CBF517A519597B /* BundleIdentity.swift */,
				BE2C8052F902D4945D73B022 /* CandidateActionability.swift */,
				D860B979BAE33AB0C8032041 /* CandidateDetailView.swift */,
				99AE9DB7825B14D9B1584B47 /* CandidatesSectionView.swift */,
				74C6C8DE3240E7647ACE73E5 /* CredentialAccessList.swift */,
				5E2434F70295E81CCDEA48C9 /* CredentialStore.swift */,
				CAB8A9241AA91E088AF94047 /* GlomerisByteFormat.swift */,
				E9A9B369FF29B89DBF7F2098 /* GlomerisClient.swift */,
				28CD7E46959C90D96BA19391 /* GlomerisCliIdentity.swift */,
				F0D343988045ECE0F0B72093 /* GlomerisDesignSystem.swift */,
				369DFF13FAF9E42E7B08AF3F /* GlomerisDtos.swift */,
				A4CC4E617F0CB236D6E83B8A /* GlomerisExecutableLocator.swift */,
				558C6D9B51E2DBA8DFBEA99D /* GlomerisLlmSettingsStore.swift */,
				A98E13E5FE5F4E90FE76683D /* GlomerisMark.swift */,
				29CCC97F9DEA1F53F834AF90 /* GlomerisMenuBarApp.swift */,
				CCB103016472A37B7F09292B /* GlomerisPopoverView.swift */,
				9D48A22858E94A17C0A670F4 /* GlomerisVocabulary.swift */,
				572A0F15A4840A54F5B9B4D8 /* HistoryAuditSectionView.swift */,
				C6C6CC02C2C88B2B364E5697 /* Info.plist */,
				856468BC1E164E5D94FFBC9D /* MenuBarAppearance.swift */,
				1A38DA67075A1D20749AA40B /* OverviewState.swift */,
				8906B36CF3E4AA34D9E7564C /* PlanApplication.swift */,
				B8A0A74D7AB855F1B6916985 /* ProjectRootsPreferencesView.swift */,
				017031320C8922881F4739BC /* ProjectRootsStore.swift */,
				32DF9E12B32B0A4F24572FA8 /* SingleInstanceGuard.swift */,
				A98FAC22B023BB94EA556577 /* SpokenLabel.swift */,
				702FC176DA9694CDEA648E8A /* StatusHealthSectionView.swift */,
			);
			path = Sources;
			sourceTree = "<group>";
		};
		CA888BC39EFF016BD89F799C /* Tests */ = {
			isa = PBXGroup;
			children = (
				36EE9AEE6CFFB2A901A60ECB /* AiPlanSectionViewTests.swift */,
				C45E203D8214154FE63F6DAD /* AiProviderPreferencesViewTests.swift */,
				D2EC959107399B1D4F311033 /* ApplyPlanViewTests.swift */,
				9A24913599DF33AA9961C0A7 /* AutopilotPreferencesTests.swift */,
				67657A18FF00E7828983C8BC /* BundleIdentityTests.swift */,
				3A53644BB794034A97C1F10C /* CandidateActionabilityTests.swift */,
				AD31600BC7E939520CBFE799 /* CandidateDetailViewTests.swift */,
				7DCE0D8BAF4CB001ABD98651 /* CandidatesSectionViewTests.swift */,
				0A4F457D173A23C0AD61CBDF /* CredentialAccessListTests.swift */,
				77AAAEBAAAE62AE8B7FD1118 /* CredentialStoreAccessTests.swift */,
				8DD38E68A0373439B59F1F98 /* DtoGoldenFixturesTests.swift */,
				5F7646F95623F0FC1FF170C4 /* GlomerisByteFormatTests.swift */,
				47250A5B4D152C9EE65C9F49 /* GlomerisClientTests.swift */,
				309C5D9C5225309746B98B1F /* GlomerisCliIdentityTests.swift */,
				BECB6ADDEAAC408D1C8FBD6A /* GlomerisDesignSystemTests.swift */,
				25A3E6A530DA68EDBAE46ED8 /* GlomerisExecutableLocatorTests.swift */,
				D77BE309ED2F0147644C00F8 /* GlomerisLlmSettingsKeychainDeadlineTests.swift */,
				10A827F907A91AEA5B790A11 /* GlomerisLlmSettingsStoreTests.swift */,
				E6C31AEE5EEA87EE3D3B5617 /* GlomerisMarkTests.swift */,
				2538D1D665F56D4E896B4CE2 /* GlomerisPopoverViewTests.swift */,
				7FB1194E381928C94F7317F0 /* GlomerisVocabularyTests.swift */,
				A258960CB7D0D961F0980060 /* HistoryAuditSectionViewTests.swift */,
				C0359A703B0EC625794FFEAF /* MenuBarAppearanceTests.swift */,
				FEC3A7ED8C30CBA9ECC33527 /* OverviewStateTests.swift */,
				DADBD41F34721D97EB1E2605 /* PlanApplicationTests.swift */,
				8530A7EB7932829E63C60741 /* ProjectRootsPreferencesViewTests.swift */,
				DA84B79B4966F05DE18D3127 /* ProjectRootsStoreTests.swift */,
				D0803EC181FBF0B0D1507D2C /* SingleInstanceGuardTests.swift */,
				8AA164A09246B00F00F33DAB /* SpokenLabelTests.swift */,
				298ADFCC189E89897778A649 /* StatusHealthSectionViewTests.swift */,
				8E5B2CB785BF50188F2E792A /* TestUserDefaults.swift */,
			);
			path = Tests;
			sourceTree = "<group>";
		};
/* End PBXGroup section */

/* Begin PBXNativeTarget section */
		7297EAB04920417613295151 /* GlomerisMenuBarTests */ = {
			isa = PBXNativeTarget;
			buildConfigurationList = C00505635BB71CEA5DCC1180 /* Build configuration list for PBXNativeTarget "GlomerisMenuBarTests" */;
			buildPhases = (
				A03319642FE7A7277394A6F2 /* Sources */,
			);
			buildRules = (
			);
			dependencies = (
			);
			name = GlomerisMenuBarTests;
			packageProductDependencies = (
			);
			productName = GlomerisMenuBarTests;
			productReference = 21EAA0AF0BF260EF2309C429 /* GlomerisMenuBarTests.xctest */;
			productType = "com.apple.product-type.bundle.unit-test";
		};
		B4229DA38895B581AC90C3C4 /* GlomerisMenuBar */ = {
			isa = PBXNativeTarget;
			buildConfigurationList = 963068741E3C4BCFC1770279 /* Build configuration list for PBXNativeTarget "GlomerisMenuBar" */;
			buildPhases = (
				C9898355E0E77D79FC4F5485 /* Sources */,
				2F985B2610CD06839B059327 /* Resources */,
			);
			buildRules = (
			);
			dependencies = (
			);
			name = GlomerisMenuBar;
			packageProductDependencies = (
			);
			productName = GlomerisMenuBar;
			productReference = 734678C2344EF491614D0692 /* GlomerisMenuBar.app */;
			productType = "com.apple.product-type.application";
		};
/* End PBXNativeTarget section */

/* Begin PBXProject section */
		0CFEEE98094F45D069450350 /* Project object */ = {
			isa = PBXProject;
			attributes = {
				BuildIndependentTargetsInParallel = YES;
				LastUpgradeCheck = 1430;
				TargetAttributes = {
					7297EAB04920417613295151 = {
						DevelopmentTeam = "";
						ProvisioningStyle = Automatic;
					};
					B4229DA38895B581AC90C3C4 = {
						DevelopmentTeam = "";
						ProvisioningStyle = Automatic;
					};
				};
			};
			buildConfigurationList = 8886B6A1B2344FAFF11FB74E /* Build configuration list for PBXProject "GlomerisMenuBar" */;
			developmentRegion = en;
			hasScannedForEncodings = 0;
			knownRegions = (
				Base,
				en,
			);
			mainGroup = 30AD9D69A69435E3F4BF51C6;
			minimizedProjectReferenceProxies = 1;
			preferredProjectObjectVersion = 77;
			productRefGroup = 96A7B4FBD52BC22C02359010 /* Products */;
			projectDirPath = "";
			projectRoot = "";
			targets = (
				B4229DA38895B581AC90C3C4 /* GlomerisMenuBar */,
				7297EAB04920417613295151 /* GlomerisMenuBarTests */,
			);
		};
/* End PBXProject section */

/* Begin PBXResourcesBuildPhase section */
		2F985B2610CD06839B059327 /* Resources */ = {
			isa = PBXResourcesBuildPhase;
			buildActionMask = 2147483647;
			files = (
				032D4327F9DF700B0DAA02CB /* Assets.xcassets in Resources */,
			);
			runOnlyForDeploymentPostprocessing = 0;
		};
/* End PBXResourcesBuildPhase section */

/* Begin PBXSourcesBuildPhase section */
		A03319642FE7A7277394A6F2 /* Sources */ = {
			isa = PBXSourcesBuildPhase;
			buildActionMask = 2147483647;
			files = (
				F343796D3574F7D76569AFD0 /* AiPlanSectionView.swift in Sources */,
				DB5D8383B59675585CAAAB8A /* AiPlanSectionViewTests.swift in Sources */,
				EAA07A11FEF627787AF615A7 /* AiProviderPreferencesView.swift in Sources */,
				24E8F3886E209400E58A9387 /* AiProviderPreferencesViewTests.swift in Sources */,
				562ED5C34CC7EBDE31C962DE /* ApplyPlanView.swift in Sources */,
				3B5353546293268FBB22E4E6 /* ApplyPlanViewTests.swift in Sources */,
				4DBC6EFFE7B8C5F3149625F5 /* AutopilotPreferencesTests.swift in Sources */,
				F74F65D0FD1B4A09F0CD73ED /* AutopilotPreferencesView.swift in Sources */,
				55B5C40973107DD6F226F493 /* BundleIdentity.swift in Sources */,
				7B6DDC175DFBFBB860E5CBA5 /* BundleIdentityTests.swift in Sources */,
				B67B4B02F9A450278A3D05E3 /* CandidateActionability.swift in Sources */,
				C6E8468205A2CAB47BAB1DD3 /* CandidateActionabilityTests.swift in Sources */,
				D805860E0E262487C92ED4A4 /* CandidateDetailView.swift in Sources */,
				3BB765B0E0F2903C61FAAB7F /* CandidateDetailViewTests.swift in Sources */,
				E67F00D16D2CAFE9E74443CB /* CandidatesSectionView.swift in Sources */,
				BE11AF504111C29A277E925E /* CandidatesSectionViewTests.swift in Sources */,
				7F89092A2FEA202C9405C241 /* CredentialAccessList.swift in Sources */,
				DD869D2E04323DCF4BD5FB50 /* CredentialAccessListTests.swift in Sources */,
				3F2B44719B74A21F10643721 /* CredentialStore.swift in Sources */,
				5393C26940014C01F01AFAF3 /* CredentialStoreAccessTests.swift in Sources */,
				EAF02170CFE44E89AEC4F1C4 /* DtoGoldenFixturesTests.swift in Sources */,
				6C58229013620B28F0455D6F /* GlomerisByteFormat.swift in Sources */,
				BB985CDBDBE0F9250002A518 /* GlomerisByteFormatTests.swift in Sources */,
				B2BCA8412F04D8109ED23332 /* GlomerisCliIdentity.swift in Sources */,
				16AA10E03BADC1769185075A /* GlomerisCliIdentityTests.swift in Sources */,
				BC822B8BD45C6AB26F4F7806 /* GlomerisClient.swift in Sources */,
				3ED66478457DDD7A1A300158 /* GlomerisClientTests.swift in Sources */,
				58E636471320C9A52E2E8E57 /* GlomerisDesignSystem.swift in Sources */,
				6D9DD1B21DA0C217B8B11758 /* GlomerisDesignSystemTests.swift in Sources */,
				FF4279359E3CFEB3CC188913 /* GlomerisDtos.swift in Sources */,
				E88B4CFA5ACC97B1DB28CC07 /* GlomerisExecutableLocator.swift in Sources */,
				74B89E9F04018A21BB2E177A /* GlomerisExecutableLocatorTests.swift in Sources */,
				6617AB7D0383955250A95CD0 /* GlomerisLlmSettingsKeychainDeadlineTests.swift in Sources */,
				FB7D6E34A8080F27244D3231 /* GlomerisLlmSettingsStore.swift in Sources */,
				FE6FA55FAB445D053031CA6B /* GlomerisLlmSettingsStoreTests.swift in Sources */,
				F1DD66A98AC4E98714F4B3D8 /* GlomerisMark.swift in Sources */,
				F02109622780C1A0908FBA13 /* GlomerisMarkTests.swift in Sources */,
				C79301D61905D743C5B5B52C /* GlomerisPopoverViewTests.swift in Sources */,
				67877F0AB6306B03114DDDDD /* GlomerisVocabulary.swift in Sources */,
				AC11DF07CE9974ECB729106B /* GlomerisVocabularyTests.swift in Sources */,
				FD0DC61712EB0E3D13511E64 /* HistoryAuditSectionView.swift in Sources */,
				86AAAE7934B24C3234B3C04D /* HistoryAuditSectionViewTests.swift in Sources */,
				871C68E0439087303FCBF13E /* MenuBarAppearance.swift in Sources */,
				3165A2E5224163803248FF2D /* MenuBarAppearanceTests.swift in Sources */,
				7765D1EC48C4DACF135BD63F /* OverviewState.swift in Sources */,
				7D61BB3D174236A429452646 /* OverviewStateTests.swift in Sources */,
				5C25EFF7FAF885E8A3A53016 /* PlanApplication.swift in Sources */,
				F5C7757C1A78DEEA5F600852 /* PlanApplicationTests.swift in Sources */,
				36F60F807942391399DB01D2 /* ProjectRootsPreferencesView.swift in Sources */,
				D6F31E0EADCBEAC38E264880 /* ProjectRootsPreferencesViewTests.swift in Sources */,
				89543AEC87E7A164FB4ABCB1 /* ProjectRootsStore.swift in Sources */,
				8B353B39BE18016E0CA9624F /* ProjectRootsStoreTests.swift in Sources */,
				F4BEEB6C6E3D375FAE6D4CF5 /* SingleInstanceGuard.swift in Sources */,
				6EF44220294C701CFE6C2DC0 /* SingleInstanceGuardTests.swift in Sources */,
				81DD0203CA5AE10816276612 /* SpokenLabel.swift in Sources */,
				D0A81955E6A629C95685F942 /* SpokenLabelTests.swift in Sources */,
				56F73C2BCC1F258A41649D5E /* StatusHealthSectionView.swift in Sources */,
				EBB34681F1C98CE6EAA54A59 /* StatusHealthSectionViewTests.swift in Sources */,
				A9ABA737E2A4AC531B8640A0 /* TestUserDefaults.swift in Sources */,
			);
			runOnlyForDeploymentPostprocessing = 0;
		};
		C9898355E0E77D79FC4F5485 /* Sources */ = {
			isa = PBXSourcesBuildPhase;
			buildActionMask = 2147483647;
			files = (
				7234B87DA614D063F3FB6063 /* AiPlanSectionView.swift in Sources */,
				AF71CB2F7EFCFF57F96E2F16 /* AiProviderPreferencesView.swift in Sources */,
				75B85E1DE42B288E5148DDFE /* ApplyPlanView.swift in Sources */,
				9105F63CB2E9FF2919AC35A0 /* AutopilotPreferencesView.swift in Sources */,
				7994B235BE871884E2AEAB08 /* BundleIdentity.swift in Sources */,
				1AFD92B6FDCC3D55D137614C /* CandidateActionability.swift in Sources */,
				86BD83AA3245ED6F3B7F381A /* CandidateDetailView.swift in Sources */,
				F9DFFB9F1710A9D696739189 /* CandidatesSectionView.swift in Sources */,
				F20FD170CF572BC838F8FFD0 /* CredentialAccessList.swift in Sources */,
				79370CF11525490DD5B73CC3 /* CredentialStore.swift in Sources */,
				4094F21D50AAD82C5CD8E3ED /* GlomerisByteFormat.swift in Sources */,
				7FFD77E56D8CF3CE1D989A71 /* GlomerisCliIdentity.swift in Sources */,
				C49D0E67DB2391025B3E7064 /* GlomerisClient.swift in Sources */,
				2827AD2ABB4D9B3FF64489F2 /* GlomerisDesignSystem.swift in Sources */,
				58C4BC24751B58EFB279C852 /* GlomerisDtos.swift in Sources */,
				0BE7EC01F051C82EA2A1F21E /* GlomerisExecutableLocator.swift in Sources */,
				66FFC9C14B1A422451DC56ED /* GlomerisLlmSettingsStore.swift in Sources */,
				AD262762180A887D1B0A3A98 /* GlomerisMark.swift in Sources */,
				847FDF28A3C3FFE0307946CF /* GlomerisMenuBarApp.swift in Sources */,
				A2F3A16A6E272E1B72C78FBA /* GlomerisPopoverView.swift in Sources */,
				16531098D8F4B46001EBF26D /* GlomerisVocabulary.swift in Sources */,
				65357E877F95058389A8C311 /* HistoryAuditSectionView.swift in Sources */,
				17F5854E45F07F642EDCBC75 /* MenuBarAppearance.swift in Sources */,
				6EDF8A0DD97C09CBCE5ABE8A /* OverviewState.swift in Sources */,
				5574CDBBE4BC468971B1A704 /* PlanApplication.swift in Sources */,
				316F2E44994F8F44D10C01F6 /* ProjectRootsPreferencesView.swift in Sources */,
				861A2E9ED2F71299D3BB44C9 /* ProjectRootsStore.swift in Sources */,
				1F1FE9086F33A50BC1E49EFF /* SingleInstanceGuard.swift in Sources */,
				A407F3D2CBB4A2C23A6AED8E /* SpokenLabel.swift in Sources */,
				B30687757F8D76B7C8516A4B /* StatusHealthSectionView.swift in Sources */,
			);
			runOnlyForDeploymentPostprocessing = 0;
		};
/* End PBXSourcesBuildPhase section */

/* Begin XCBuildConfiguration section */
		1D472498935F4A09C8DB6838 /* Debug */ = {
			isa = XCBuildConfiguration;
			buildSettings = {
				ALWAYS_SEARCH_USER_PATHS = NO;
				CLANG_ANALYZER_NONNULL = YES;
				CLANG_ANALYZER_NUMBER_OBJECT_CONVERSION = YES_AGGRESSIVE;
				CLANG_CXX_LANGUAGE_STANDARD = "gnu++14";
				CLANG_CXX_LIBRARY = "libc++";
				CLANG_ENABLE_MODULES = YES;
				CLANG_ENABLE_OBJC_ARC = YES;
				CLANG_ENABLE_OBJC_WEAK = YES;
				CLANG_WARN_BLOCK_CAPTURE_AUTORELEASING = YES;
				CLANG_WARN_BOOL_CONVERSION = YES;
				CLANG_WARN_COMMA = YES;
				CLANG_WARN_CONSTANT_CONVERSION = YES;
				CLANG_WARN_DEPRECATED_OBJC_IMPLEMENTATIONS = YES;
				CLANG_WARN_DIRECT_OBJC_ISA_USAGE = YES_ERROR;
				CLANG_WARN_DOCUMENTATION_COMMENTS = YES;
				CLANG_WARN_EMPTY_BODY = YES;
				CLANG_WARN_ENUM_CONVERSION = YES;
				CLANG_WARN_INFINITE_RECURSION = YES;
				CLANG_WARN_INT_CONVERSION = YES;
				CLANG_WARN_NON_LITERAL_NULL_CONVERSION = YES;
				CLANG_WARN_OBJC_IMPLICIT_RETAIN_SELF = YES;
				CLANG_WARN_OBJC_LITERAL_CONVERSION = YES;
				CLANG_WARN_OBJC_ROOT_CLASS = YES_ERROR;
				CLANG_WARN_QUOTED_INCLUDE_IN_FRAMEWORK_HEADER = YES;
				CLANG_WARN_RANGE_LOOP_ANALYSIS = YES;
				CLANG_WARN_STRICT_PROTOTYPES = YES;
				CLANG_WARN_SUSPICIOUS_MOVE = YES;
				CLANG_WARN_UNGUARDED_AVAILABILITY = YES_AGGRESSIVE;
				CLANG_WARN_UNREACHABLE_CODE = YES;
				CLANG_WARN__DUPLICATE_METHOD_MATCH = YES;
				CODE_SIGNING_ALLOWED = NO;
				CODE_SIGNING_REQUIRED = NO;
				CODE_SIGN_STYLE = Automatic;
				COPY_PHASE_STRIP = NO;
				DEBUG_INFORMATION_FORMAT = dwarf;
				DEVELOPMENT_TEAM = "";
				ENABLE_STRICT_OBJC_MSGSEND = YES;
				ENABLE_TESTABILITY = YES;
				GCC_C_LANGUAGE_STANDARD = gnu11;
				GCC_DYNAMIC_NO_PIC = NO;
				GCC_NO_COMMON_BLOCKS = YES;
				GCC_OPTIMIZATION_LEVEL = 0;
				GCC_PREPROCESSOR_DEFINITIONS = (
					"$(inherited)",
					"DEBUG=1",
				);
				GCC_WARN_64_TO_32_BIT_CONVERSION = YES;
				GCC_WARN_ABOUT_RETURN_TYPE = YES_ERROR;
				GCC_WARN_UNDECLARED_SELECTOR = YES;
				GCC_WARN_UNINITIALIZED_AUTOS = YES_AGGRESSIVE;
				GCC_WARN_UNUSED_FUNCTION = YES;
				GCC_WARN_UNUSED_VARIABLE = YES;
				MACOSX_DEPLOYMENT_TARGET = 13.0;
				MTL_ENABLE_DEBUG_INFO = INCLUDE_SOURCE;
				MTL_FAST_MATH = YES;
				ONLY_ACTIVE_ARCH = YES;
				PRODUCT_NAME = "$(TARGET_NAME)";
				SDKROOT = macosx;
				SWIFT_ACTIVE_COMPILATION_CONDITIONS = DEBUG;
				SWIFT_OPTIMIZATION_LEVEL = "-Onone";
				SWIFT_VERSION = 5.0;
			};
			name = Debug;
		};
		624973132592C02D06F00A13 /* Debug */ = {
			isa = XCBuildConfiguration;
			buildSettings = {
				BUNDLE_LOADER = "$(TEST_HOST)";
				COMBINE_HIDPI_IMAGES = YES;
				GENERATE_INFOPLIST_FILE = YES;
				LD_RUNPATH_SEARCH_PATHS = (
					"$(inherited)",
					"@executable_path/../Frameworks",
					"@loader_path/../Frameworks",
				);
				PRODUCT_BUNDLE_IDENTIFIER = dev.glomeris.GlomerisMenuBarTests;
				SDKROOT = macosx;
			};
			name = Debug;
		};
		6E8A21BE09D6438D73E6F0DC /* Release */ = {
			isa = XCBuildConfiguration;
			buildSettings = {
				BUNDLE_LOADER = "$(TEST_HOST)";
				COMBINE_HIDPI_IMAGES = YES;
				GENERATE_INFOPLIST_FILE = YES;
				LD_RUNPATH_SEARCH_PATHS = (
					"$(inherited)",
					"@executable_path/../Frameworks",
					"@loader_path/../Frameworks",
				);
				PRODUCT_BUNDLE_IDENTIFIER = dev.glomeris.GlomerisMenuBarTests;
				SDKROOT = macosx;
			};
			name = Release;
		};
		BD580CF062EFD39DDFBC31E5 /* Debug */ = {
			isa = XCBuildConfiguration;
			buildSettings = {
				ASSETCATALOG_COMPILER_APPICON_NAME = AppIcon;
				COMBINE_HIDPI_IMAGES = YES;
				ENABLE_HARDENED_RUNTIME = NO;
				GENERATE_INFOPLIST_FILE = NO;
				INFOPLIST_FILE = Sources/Info.plist;
				LD_RUNPATH_SEARCH_PATHS = (
					"$(inherited)",
					"@executable_path/../Frameworks",
				);
				MARKETING_VERSION = 0.2.0;
				PRODUCT_BUNDLE_IDENTIFIER = dev.glomeris.GlomerisMenuBar;
				SDKROOT = macosx;
			};
			name = Debug;
		};
		D4AD67A35B114F7993C3E097 /* Release */ = {
			isa = XCBuildConfiguration;
			buildSettings = {
				ALWAYS_SEARCH_USER_PATHS = NO;
				CLANG_ANALYZER_NONNULL = YES;
				CLANG_ANALYZER_NUMBER_OBJECT_CONVERSION = YES_AGGRESSIVE;
				CLANG_CXX_LANGUAGE_STANDARD = "gnu++14";
				CLANG_CXX_LIBRARY = "libc++";
				CLANG_ENABLE_MODULES = YES;
				CLANG_ENABLE_OBJC_ARC = YES;
				CLANG_ENABLE_OBJC_WEAK = YES;
				CLANG_WARN_BLOCK_CAPTURE_AUTORELEASING = YES;
				CLANG_WARN_BOOL_CONVERSION = YES;
				CLANG_WARN_COMMA = YES;
				CLANG_WARN_CONSTANT_CONVERSION = YES;
				CLANG_WARN_DEPRECATED_OBJC_IMPLEMENTATIONS = YES;
				CLANG_WARN_DIRECT_OBJC_ISA_USAGE = YES_ERROR;
				CLANG_WARN_DOCUMENTATION_COMMENTS = YES;
				CLANG_WARN_EMPTY_BODY = YES;
				CLANG_WARN_ENUM_CONVERSION = YES;
				CLANG_WARN_INFINITE_RECURSION = YES;
				CLANG_WARN_INT_CONVERSION = YES;
				CLANG_WARN_NON_LITERAL_NULL_CONVERSION = YES;
				CLANG_WARN_OBJC_IMPLICIT_RETAIN_SELF = YES;
				CLANG_WARN_OBJC_LITERAL_CONVERSION = YES;
				CLANG_WARN_OBJC_ROOT_CLASS = YES_ERROR;
				CLANG_WARN_QUOTED_INCLUDE_IN_FRAMEWORK_HEADER = YES;
				CLANG_WARN_RANGE_LOOP_ANALYSIS = YES;
				CLANG_WARN_STRICT_PROTOTYPES = YES;
				CLANG_WARN_SUSPICIOUS_MOVE = YES;
				CLANG_WARN_UNGUARDED_AVAILABILITY = YES_AGGRESSIVE;
				CLANG_WARN_UNREACHABLE_CODE = YES;
				CLANG_WARN__DUPLICATE_METHOD_MATCH = YES;
				CODE_SIGNING_ALLOWED = NO;
				CODE_SIGNING_REQUIRED = NO;
				CODE_SIGN_STYLE = Automatic;
				COPY_PHASE_STRIP = NO;
				DEBUG_INFORMATION_FORMAT = "dwarf-with-dsym";
				DEVELOPMENT_TEAM = "";
				ENABLE_NS_ASSERTIONS = NO;
				ENABLE_STRICT_OBJC_MSGSEND = YES;
				GCC_C_LANGUAGE_STANDARD = gnu11;
				GCC_NO_COMMON_BLOCKS = YES;
				GCC_WARN_64_TO_32_BIT_CONVERSION = YES;
				GCC_WARN_ABOUT_RETURN_TYPE = YES_ERROR;
				GCC_WARN_UNDECLARED_SELECTOR = YES;
				GCC_WARN_UNINITIALIZED_AUTOS = YES_AGGRESSIVE;
				GCC_WARN_UNUSED_FUNCTION = YES;
				GCC_WARN_UNUSED_VARIABLE = YES;
				MACOSX_DEPLOYMENT_TARGET = 13.0;
				MTL_ENABLE_DEBUG_INFO = NO;
				MTL_FAST_MATH = YES;
				PRODUCT_NAME = "$(TARGET_NAME)";
				SDKROOT = macosx;
				SWIFT_COMPILATION_MODE = wholemodule;
				SWIFT_OPTIMIZATION_LEVEL = "-O";
				SWIFT_VERSION = 5.0;
			};
			name = Release;
		};
		F481F6CBAD6E83DE8AC578C7 /* Release */ = {
			isa = XCBuildConfiguration;
			buildSettings = {
				ASSETCATALOG_COMPILER_APPICON_NAME = AppIcon;
				COMBINE_HIDPI_IMAGES = YES;
				ENABLE_HARDENED_RUNTIME = NO;
				GENERATE_INFOPLIST_FILE = NO;
				INFOPLIST_FILE = Sources/Info.plist;
				LD_RUNPATH_SEARCH_PATHS = (
					"$(inherited)",
					"@executable_path/../Frameworks",
				);
				MARKETING_VERSION = 0.2.0;
				PRODUCT_BUNDLE_IDENTIFIER = dev.glomeris.GlomerisMenuBar;
				SDKROOT = macosx;
			};
			name = Release;
		};
/* End XCBuildConfiguration section */

/* Begin XCConfigurationList section */
		8886B6A1B2344FAFF11FB74E /* Build configuration list for PBXProject "GlomerisMenuBar" */ = {
			isa = XCConfigurationList;
			buildConfigurations = (
				1D472498935F4A09C8DB6838 /* Debug */,
				D4AD67A35B114F7993C3E097 /* Release */,
			);
			defaultConfigurationIsVisible = 0;
			defaultConfigurationName = Debug;
		};
		963068741E3C4BCFC1770279 /* Build configuration list for PBXNativeTarget "GlomerisMenuBar" */ = {
			isa = XCConfigurationList;
			buildConfigurations = (
				BD580CF062EFD39DDFBC31E5 /* Debug */,
				F481F6CBAD6E83DE8AC578C7 /* Release */,
			);
			defaultConfigurationIsVisible = 0;
			defaultConfigurationName = Debug;
		};
		C00505635BB71CEA5DCC1180 /* Build configuration list for PBXNativeTarget "GlomerisMenuBarTests" */ = {
			isa = XCConfigurationList;
			buildConfigurations = (
				624973132592C02D06F00A13 /* Debug */,
				6E8A21BE09D6438D73E6F0DC /* Release */,
			);
			defaultConfigurationIsVisible = 0;
			defaultConfigurationName = Debug;
		};
/* End XCConfigurationList section */
	};
	rootObject = 0CFEEE98094F45D069450350 /* Project object */;
}
