// !$*UTF8*$!
{
	archiveVersion = 1;
	classes = {
	};
	objectVersion = 77;
	objects = {

/* Begin PBXBuildFile section */
		17F5854E45F07F642EDCBC75 /* MenuBarAppearance.swift in Sources */ = {isa = PBXBuildFile; fileRef = 856468BC1E164E5D94FFBC9D /* MenuBarAppearance.swift */; };
		3165A2E5224163803248FF2D /* MenuBarAppearanceTests.swift in Sources */ = {isa = PBXBuildFile; fileRef = C0359A703B0EC625794FFEAF /* MenuBarAppearanceTests.swift */; };
		316F2E44994F8F44D10C01F6 /* ProjectRootsPreferencesView.swift in Sources */ = {isa = PBXBuildFile; fileRef = B8A0A74D7AB855F1B6916985 /* ProjectRootsPreferencesView.swift */; };
		3BB765B0E0F2903C61FAAB7F /* CandidateDetailViewTests.swift in Sources */ = {isa = PBXBuildFile; fileRef = AD31600BC7E939520CBFE799 /* CandidateDetailViewTests.swift */; };
		3ED66478457DDD7A1A300158 /* GlomerisClientTests.swift in Sources */ = {isa = PBXBuildFile; fileRef = 47250A5B4D152C9EE65C9F49 /* GlomerisClientTests.swift */; };
		56F73C2BCC1F258A41649D5E /* StatusHealthSectionView.swift in Sources */ = {isa = PBXBuildFile; fileRef = 702FC176DA9694CDEA648E8A /* StatusHealthSectionView.swift */; };
		58C4BC24751B58EFB279C852 /* GlomerisDtos.swift in Sources */ = {isa = PBXBuildFile; fileRef = 369DFF13FAF9E42E7B08AF3F /* GlomerisDtos.swift */; };
		65357E877F95058389A8C311 /* HistoryAuditSectionView.swift in Sources */ = {isa = PBXBuildFile; fileRef = 572A0F15A4840A54F5B9B4D8 /* HistoryAuditSectionView.swift */; };
		847FDF28A3C3FFE0307946CF /* GlomerisMenuBarApp.swift in Sources */ = {isa = PBXBuildFile; fileRef = 29CCC97F9DEA1F53F834AF90 /* GlomerisMenuBarApp.swift */; };
		861A2E9ED2F71299D3BB44C9 /* ProjectRootsStore.swift in Sources */ = {isa = PBXBuildFile; fileRef = 017031320C8922881F4739BC /* ProjectRootsStore.swift */; };
		86AAAE7934B24C3234B3C04D /* HistoryAuditSectionViewTests.swift in Sources */ = {isa = PBXBuildFile; fileRef = A258960CB7D0D961F0980060 /* HistoryAuditSectionViewTests.swift */; };
		86BD83AA3245ED6F3B7F381A /* CandidateDetailView.swift in Sources */ = {isa = PBXBuildFile; fileRef = D860B979BAE33AB0C8032041 /* CandidateDetailView.swift */; };
		871C68E0439087303FCBF13E /* MenuBarAppearance.swift in Sources */ = {isa = PBXBuildFile; fileRef = 856468BC1E164E5D94FFBC9D /* MenuBarAppearance.swift */; };
		89543AEC87E7A164FB4ABCB1 /* ProjectRootsStore.swift in Sources */ = {isa = PBXBuildFile; fileRef = 017031320C8922881F4739BC /* ProjectRootsStore.swift */; };
		8B353B39BE18016E0CA9624F /* ProjectRootsStoreTests.swift in Sources */ = {isa = PBXBuildFile; fileRef = DA84B79B4966F05DE18D3127 /* ProjectRootsStoreTests.swift */; };
		A2F3A16A6E272E1B72C78FBA /* GlomerisPopoverView.swift in Sources */ = {isa = PBXBuildFile; fileRef = CCB103016472A37B7F09292B /* GlomerisPopoverView.swift */; };
		B30687757F8D76B7C8516A4B /* StatusHealthSectionView.swift in Sources */ = {isa = PBXBuildFile; fileRef = 702FC176DA9694CDEA648E8A /* StatusHealthSectionView.swift */; };
		BC822B8BD45C6AB26F4F7806 /* GlomerisClient.swift in Sources */ = {isa = PBXBuildFile; fileRef = E9A9B369FF29B89DBF7F2098 /* GlomerisClient.swift */; };
		BE11AF504111C29A277E925E /* CandidatesSectionViewTests.swift in Sources */ = {isa = PBXBuildFile; fileRef = 7DCE0D8BAF4CB001ABD98651 /* CandidatesSectionViewTests.swift */; };
		C49D0E67DB2391025B3E7064 /* GlomerisClient.swift in Sources */ = {isa = PBXBuildFile; fileRef = E9A9B369FF29B89DBF7F2098 /* GlomerisClient.swift */; };
		D805860E0E262487C92ED4A4 /* CandidateDetailView.swift in Sources */ = {isa = PBXBuildFile; fileRef = D860B979BAE33AB0C8032041 /* CandidateDetailView.swift */; };
		E67F00D16D2CAFE9E74443CB /* CandidatesSectionView.swift in Sources */ = {isa = PBXBuildFile; fileRef = 99AE9DB7825B14D9B1584B47 /* CandidatesSectionView.swift */; };
		EAF02170CFE44E89AEC4F1C4 /* DtoGoldenFixturesTests.swift in Sources */ = {isa = PBXBuildFile; fileRef = 8DD38E68A0373439B59F1F98 /* DtoGoldenFixturesTests.swift */; };
		EBB34681F1C98CE6EAA54A59 /* StatusHealthSectionViewTests.swift in Sources */ = {isa = PBXBuildFile; fileRef = 298ADFCC189E89897778A649 /* StatusHealthSectionViewTests.swift */; };
		F9DFFB9F1710A9D696739189 /* CandidatesSectionView.swift in Sources */ = {isa = PBXBuildFile; fileRef = 99AE9DB7825B14D9B1584B47 /* CandidatesSectionView.swift */; };
		FD0DC61712EB0E3D13511E64 /* HistoryAuditSectionView.swift in Sources */ = {isa = PBXBuildFile; fileRef = 572A0F15A4840A54F5B9B4D8 /* HistoryAuditSectionView.swift */; };
		FF4279359E3CFEB3CC188913 /* GlomerisDtos.swift in Sources */ = {isa = PBXBuildFile; fileRef = 369DFF13FAF9E42E7B08AF3F /* GlomerisDtos.swift */; };
/* End PBXBuildFile section */

/* Begin PBXFileReference section */
		017031320C8922881F4739BC /* ProjectRootsStore.swift */ = {isa = PBXFileReference; lastKnownFileType = sourcecode.swift; path = ProjectRootsStore.swift; sourceTree = "<group>"; };
		21EAA0AF0BF260EF2309C429 /* GlomerisMenuBarTests.xctest */ = {isa = PBXFileReference; explicitFileType = wrapper.cfbundle; includeInIndex = 0; path = GlomerisMenuBarTests.xctest; sourceTree = BUILT_PRODUCTS_DIR; };
		298ADFCC189E89897778A649 /* StatusHealthSectionViewTests.swift */ = {isa = PBXFileReference; lastKnownFileType = sourcecode.swift; path = StatusHealthSectionViewTests.swift; sourceTree = "<group>"; };
		29CCC97F9DEA1F53F834AF90 /* GlomerisMenuBarApp.swift */ = {isa = PBXFileReference; lastKnownFileType = sourcecode.swift; path = GlomerisMenuBarApp.swift; sourceTree = "<group>"; };
		369DFF13FAF9E42E7B08AF3F /* GlomerisDtos.swift */ = {isa = PBXFileReference; lastKnownFileType = sourcecode.swift; path = GlomerisDtos.swift; sourceTree = "<group>"; };
		47250A5B4D152C9EE65C9F49 /* GlomerisClientTests.swift */ = {isa = PBXFileReference; lastKnownFileType = sourcecode.swift; path = GlomerisClientTests.swift; sourceTree = "<group>"; };
		572A0F15A4840A54F5B9B4D8 /* HistoryAuditSectionView.swift */ = {isa = PBXFileReference; lastKnownFileType = sourcecode.swift; path = HistoryAuditSectionView.swift; sourceTree = "<group>"; };
		702FC176DA9694CDEA648E8A /* StatusHealthSectionView.swift */ = {isa = PBXFileReference; lastKnownFileType = sourcecode.swift; path = StatusHealthSectionView.swift; sourceTree = "<group>"; };
		734678C2344EF491614D0692 /* GlomerisMenuBar.app */ = {isa = PBXFileReference; explicitFileType = wrapper.application; includeInIndex = 0; path = GlomerisMenuBar.app; sourceTree = BUILT_PRODUCTS_DIR; };
		7DCE0D8BAF4CB001ABD98651 /* CandidatesSectionViewTests.swift */ = {isa = PBXFileReference; lastKnownFileType = sourcecode.swift; path = CandidatesSectionViewTests.swift; sourceTree = "<group>"; };
		856468BC1E164E5D94FFBC9D /* MenuBarAppearance.swift */ = {isa = PBXFileReference; lastKnownFileType = sourcecode.swift; path = MenuBarAppearance.swift; sourceTree = "<group>"; };
		8DD38E68A0373439B59F1F98 /* DtoGoldenFixturesTests.swift */ = {isa = PBXFileReference; lastKnownFileType = sourcecode.swift; path = DtoGoldenFixturesTests.swift; sourceTree = "<group>"; };
		99AE9DB7825B14D9B1584B47 /* CandidatesSectionView.swift */ = {isa = PBXFileReference; lastKnownFileType = sourcecode.swift; path = CandidatesSectionView.swift; sourceTree = "<group>"; };
		A258960CB7D0D961F0980060 /* HistoryAuditSectionViewTests.swift */ = {isa = PBXFileReference; lastKnownFileType = sourcecode.swift; path = HistoryAuditSectionViewTests.swift; sourceTree = "<group>"; };
		AD31600BC7E939520CBFE799 /* CandidateDetailViewTests.swift */ = {isa = PBXFileReference; lastKnownFileType = sourcecode.swift; path = CandidateDetailViewTests.swift; sourceTree = "<group>"; };
		B8A0A74D7AB855F1B6916985 /* ProjectRootsPreferencesView.swift */ = {isa = PBXFileReference; lastKnownFileType = sourcecode.swift; path = ProjectRootsPreferencesView.swift; sourceTree = "<group>"; };
		C0359A703B0EC625794FFEAF /* MenuBarAppearanceTests.swift */ = {isa = PBXFileReference; lastKnownFileType = sourcecode.swift; path = MenuBarAppearanceTests.swift; sourceTree = "<group>"; };
		C6C6CC02C2C88B2B364E5697 /* Info.plist */ = {isa = PBXFileReference; lastKnownFileType = text.plist; path = Info.plist; sourceTree = "<group>"; };
		CCB103016472A37B7F09292B /* GlomerisPopoverView.swift */ = {isa = PBXFileReference; lastKnownFileType = sourcecode.swift; path = GlomerisPopoverView.swift; sourceTree = "<group>"; };
		D860B979BAE33AB0C8032041 /* CandidateDetailView.swift */ = {isa = PBXFileReference; lastKnownFileType = sourcecode.swift; path = CandidateDetailView.swift; sourceTree = "<group>"; };
		DA84B79B4966F05DE18D3127 /* ProjectRootsStoreTests.swift */ = {isa = PBXFileReference; lastKnownFileType = sourcecode.swift; path = ProjectRootsStoreTests.swift; sourceTree = "<group>"; };
		E9A9B369FF29B89DBF7F2098 /* GlomerisClient.swift */ = {isa = PBXFileReference; lastKnownFileType = sourcecode.swift; path = GlomerisClient.swift; sourceTree = "<group>"; };
/* End PBXFileReference section */

/* Begin PBXGroup section */
		30AD9D69A69435E3F4BF51C6 = {
			isa = PBXGroup;
			children = (
				A78603AE2D97932D442753FD /* Sources */,
				CA888BC39EFF016BD89F799C /* Tests */,
				96A7B4FBD52BC22C02359010 /* Products */,
			);
			sourceTree = "<group>";
		};
		96A7B4FBD52BC22C02359010 /* Products */ = {
			isa = PBXGroup;
			children = (
				734678C2344EF491614D0692 /* GlomerisMenuBar.app */,
				21EAA0AF0BF260EF2309C429 /* GlomerisMenuBarTests.xctest */,
			);
			name = Products;
			sourceTree = "<group>";
		};
		A78603AE2D97932D442753FD /* Sources */ = {
			isa = PBXGroup;
			children = (
				D860B979BAE33AB0C8032041 /* CandidateDetailView.swift */,
				99AE9DB7825B14D9B1584B47 /* CandidatesSectionView.swift */,
				E9A9B369FF29B89DBF7F2098 /* GlomerisClient.swift */,
				369DFF13FAF9E42E7B08AF3F /* GlomerisDtos.swift */,
				29CCC97F9DEA1F53F834AF90 /* GlomerisMenuBarApp.swift */,
				CCB103016472A37B7F09292B /* GlomerisPopoverView.swift */,
				572A0F15A4840A54F5B9B4D8 /* HistoryAuditSectionView.swift */,
				C6C6CC02C2C88B2B364E5697 /* Info.plist */,
				856468BC1E164E5D94FFBC9D /* MenuBarAppearance.swift */,
				B8A0A74D7AB855F1B6916985 /* ProjectRootsPreferencesView.swift */,
				017031320C8922881F4739BC /* ProjectRootsStore.swift */,
				702FC176DA9694CDEA648E8A /* StatusHealthSectionView.swift */,
			);
			path = Sources;
			sourceTree = "<group>";
		};
		CA888BC39EFF016BD89F799C /* Tests */ = {
			isa = PBXGroup;
			children = (
				AD31600BC7E939520CBFE799 /* CandidateDetailViewTests.swift */,
				7DCE0D8BAF4CB001ABD98651 /* CandidatesSectionViewTests.swift */,
				8DD38E68A0373439B59F1F98 /* DtoGoldenFixturesTests.swift */,
				47250A5B4D152C9EE65C9F49 /* GlomerisClientTests.swift */,
				A258960CB7D0D961F0980060 /* HistoryAuditSectionViewTests.swift */,
				C0359A703B0EC625794FFEAF /* MenuBarAppearanceTests.swift */,
				DA84B79B4966F05DE18D3127 /* ProjectRootsStoreTests.swift */,
				298ADFCC189E89897778A649 /* StatusHealthSectionViewTests.swift */,
			);
			path = Tests;
			sourceTree = "<group>";
		};
/* End PBXGroup section */

/* Begin PBXNativeTarget section */
		7297EAB04920417613295151 /* GlomerisMenuBarTests */ = {
			isa = PBXNativeTarget;
			buildConfigurationList = C00505635BB71CEA5DCC1180 /* Build configuration list for PBXNativeTarget "GlomerisMenuBarTests" */;
			buildPhases = (
				A03319642FE7A7277394A6F2 /* Sources */,
			);
			buildRules = (
			);
			dependencies = (
			);
			name = GlomerisMenuBarTests;
			packageProductDependencies = (
			);
			productName = GlomerisMenuBarTests;
			productReference = 21EAA0AF0BF260EF2309C429 /* GlomerisMenuBarTests.xctest */;
			productType = "com.apple.product-type.bundle.unit-test";
		};
		B4229DA38895B581AC90C3C4 /* GlomerisMenuBar */ = {
			isa = PBXNativeTarget;
			buildConfigurationList = 963068741E3C4BCFC1770279 /* Build configuration list for PBXNativeTarget "GlomerisMenuBar" */;
			buildPhases = (
				C9898355E0E77D79FC4F5485 /* Sources */,
			);
			buildRules = (
			);
			dependencies = (
			);
			name = GlomerisMenuBar;
			packageProductDependencies = (
			);
			productName = GlomerisMenuBar;
			productReference = 734678C2344EF491614D0692 /* GlomerisMenuBar.app */;
			productType = "com.apple.product-type.application";
		};
/* End PBXNativeTarget section */

/* Begin PBXProject section */
		0CFEEE98094F45D069450350 /* Project object */ = {
			isa = PBXProject;
			attributes = {
				BuildIndependentTargetsInParallel = YES;
				LastUpgradeCheck = 1430;
				TargetAttributes = {
					7297EAB04920417613295151 = {
						DevelopmentTeam = "";
						ProvisioningStyle = Automatic;
					};
					B4229DA38895B581AC90C3C4 = {
						DevelopmentTeam = "";
						ProvisioningStyle = Automatic;
					};
				};
			};
			buildConfigurationList = 8886B6A1B2344FAFF11FB74E /* Build configuration list for PBXProject "GlomerisMenuBar" */;
			developmentRegion = en;
			hasScannedForEncodings = 0;
			knownRegions = (
				Base,
				en,
			);
			mainGroup = 30AD9D69A69435E3F4BF51C6;
			minimizedProjectReferenceProxies = 1;
			preferredProjectObjectVersion = 77;
			productRefGroup = 96A7B4FBD52BC22C02359010 /* Products */;
			projectDirPath = "";
			projectRoot = "";
			targets = (
				B4229DA38895B581AC90C3C4 /* GlomerisMenuBar */,
				7297EAB04920417613295151 /* GlomerisMenuBarTests */,
			);
		};
/* End PBXProject section */

/* Begin PBXSourcesBuildPhase section */
		A03319642FE7A7277394A6F2 /* Sources */ = {
			isa = PBXSourcesBuildPhase;
			buildActionMask = 2147483647;
			files = (
				D805860E0E262487C92ED4A4 /* CandidateDetailView.swift in Sources */,
				3BB765B0E0F2903C61FAAB7F /* CandidateDetailViewTests.swift in Sources */,
				E67F00D16D2CAFE9E74443CB /* CandidatesSectionView.swift in Sources */,
				BE11AF504111C29A277E925E /* CandidatesSectionViewTests.swift in Sources */,
				EAF02170CFE44E89AEC4F1C4 /* DtoGoldenFixturesTests.swift in Sources */,
				BC822B8BD45C6AB26F4F7806 /* GlomerisClient.swift in Sources */,
				3ED66478457DDD7A1A300158 /* GlomerisClientTests.swift in Sources */,
				FF4279359E3CFEB3CC188913 /* GlomerisDtos.swift in Sources */,
				FD0DC61712EB0E3D13511E64 /* HistoryAuditSectionView.swift in Sources */,
				86AAAE7934B24C3234B3C04D /* HistoryAuditSectionViewTests.swift in Sources */,
				871C68E0439087303FCBF13E /* MenuBarAppearance.swift in Sources */,
				3165A2E5224163803248FF2D /* MenuBarAppearanceTests.swift in Sources */,
				89543AEC87E7A164FB4ABCB1 /* ProjectRootsStore.swift in Sources */,
				8B353B39BE18016E0CA9624F /* ProjectRootsStoreTests.swift in Sources */,
				56F73C2BCC1F258A41649D5E /* StatusHealthSectionView.swift in Sources */,
				EBB34681F1C98CE6EAA54A59 /* StatusHealthSectionViewTests.swift in Sources */,
			);
			runOnlyForDeploymentPostprocessing = 0;
		};
		C9898355E0E77D79FC4F5485 /* Sources */ = {
			isa = PBXSourcesBuildPhase;
			buildActionMask = 2147483647;
			files = (
				86BD83AA3245ED6F3B7F381A /* CandidateDetailView.swift in Sources */,
				F9DFFB9F1710A9D696739189 /* CandidatesSectionView.swift in Sources */,
				C49D0E67DB2391025B3E7064 /* GlomerisClient.swift in Sources */,
				58C4BC24751B58EFB279C852 /* GlomerisDtos.swift in Sources */,
				847FDF28A3C3FFE0307946CF /* GlomerisMenuBarApp.swift in Sources */,
				A2F3A16A6E272E1B72C78FBA /* GlomerisPopoverView.swift in Sources */,
				65357E877F95058389A8C311 /* HistoryAuditSectionView.swift in Sources */,
				17F5854E45F07F642EDCBC75 /* MenuBarAppearance.swift in Sources */,
				316F2E44994F8F44D10C01F6 /* ProjectRootsPreferencesView.swift in Sources */,
				861A2E9ED2F71299D3BB44C9 /* ProjectRootsStore.swift in Sources */,
				B30687757F8D76B7C8516A4B /* StatusHealthSectionView.swift in Sources */,
			);
			runOnlyForDeploymentPostprocessing = 0;
		};
/* End PBXSourcesBuildPhase section */

/* Begin XCBuildConfiguration section */
		1D472498935F4A09C8DB6838 /* Debug */ = {
			isa = XCBuildConfiguration;
			buildSettings = {
				ALWAYS_SEARCH_USER_PATHS = NO;
				CLANG_ANALYZER_NONNULL = YES;
				CLANG_ANALYZER_NUMBER_OBJECT_CONVERSION = YES_AGGRESSIVE;
				CLANG_CXX_LANGUAGE_STANDARD = "gnu++14";
				CLANG_CXX_LIBRARY = "libc++";
				CLANG_ENABLE_MODULES = YES;
				CLANG_ENABLE_OBJC_ARC = YES;
				CLANG_ENABLE_OBJC_WEAK = YES;
				CLANG_WARN_BLOCK_CAPTURE_AUTORELEASING = YES;
				CLANG_WARN_BOOL_CONVERSION = YES;
				CLANG_WARN_COMMA = YES;
				CLANG_WARN_CONSTANT_CONVERSION = YES;
				CLANG_WARN_DEPRECATED_OBJC_IMPLEMENTATIONS = YES;
				CLANG_WARN_DIRECT_OBJC_ISA_USAGE = YES_ERROR;
				CLANG_WARN_DOCUMENTATION_COMMENTS = YES;
				CLANG_WARN_EMPTY_BODY = YES;
				CLANG_WARN_ENUM_CONVERSION = YES;
				CLANG_WARN_INFINITE_RECURSION = YES;
				CLANG_WARN_INT_CONVERSION = YES;
				CLANG_WARN_NON_LITERAL_NULL_CONVERSION = YES;
				CLANG_WARN_OBJC_IMPLICIT_RETAIN_SELF = YES;
				CLANG_WARN_OBJC_LITERAL_CONVERSION = YES;
				CLANG_WARN_OBJC_ROOT_CLASS = YES_ERROR;
				CLANG_WARN_QUOTED_INCLUDE_IN_FRAMEWORK_HEADER = YES;
				CLANG_WARN_RANGE_LOOP_ANALYSIS = YES;
				CLANG_WARN_STRICT_PROTOTYPES = YES;
				CLANG_WARN_SUSPICIOUS_MOVE = YES;
				CLANG_WARN_UNGUARDED_AVAILABILITY = YES_AGGRESSIVE;
				CLANG_WARN_UNREACHABLE_CODE = YES;
				CLANG_WARN__DUPLICATE_METHOD_MATCH = YES;
				CODE_SIGNING_ALLOWED = NO;
				CODE_SIGNING_REQUIRED = NO;
				CODE_SIGN_STYLE = Automatic;
				COPY_PHASE_STRIP = NO;
				DEBUG_INFORMATION_FORMAT = dwarf;
				DEVELOPMENT_TEAM = "";
				ENABLE_STRICT_OBJC_MSGSEND = YES;
				ENABLE_TESTABILITY = YES;
				GCC_C_LANGUAGE_STANDARD = gnu11;
				GCC_DYNAMIC_NO_PIC = NO;
				GCC_NO_COMMON_BLOCKS = YES;
				GCC_OPTIMIZATION_LEVEL = 0;
				GCC_PREPROCESSOR_DEFINITIONS = (
					"$(inherited)",
					"DEBUG=1",
				);
				GCC_WARN_64_TO_32_BIT_CONVERSION = YES;
				GCC_WARN_ABOUT_RETURN_TYPE = YES_ERROR;
				GCC_WARN_UNDECLARED_SELECTOR = YES;
				GCC_WARN_UNINITIALIZED_AUTOS = YES_AGGRESSIVE;
				GCC_WARN_UNUSED_FUNCTION = YES;
				GCC_WARN_UNUSED_VARIABLE = YES;
				MACOSX_DEPLOYMENT_TARGET = 13.0;
				MTL_ENABLE_DEBUG_INFO = INCLUDE_SOURCE;
				MTL_FAST_MATH = YES;
				ONLY_ACTIVE_ARCH = YES;
				PRODUCT_NAME = "$(TARGET_NAME)";
				SDKROOT = macosx;
				SWIFT_ACTIVE_COMPILATION_CONDITIONS = DEBUG;
				SWIFT_OPTIMIZATION_LEVEL = "-Onone";
				SWIFT_VERSION = 5.0;
			};
			name = Debug;
		};
		624973132592C02D06F00A13 /* Debug */ = {
			isa = XCBuildConfiguration;
			buildSettings = {
				BUNDLE_LOADER = "$(TEST_HOST)";
				COMBINE_HIDPI_IMAGES = YES;
				GENERATE_INFOPLIST_FILE = YES;
				LD_RUNPATH_SEARCH_PATHS = (
					"$(inherited)",
					"@executable_path/../Frameworks",
					"@loader_path/../Frameworks",
				);
				PRODUCT_BUNDLE_IDENTIFIER = dev.glomeris.GlomerisMenuBarTests;
				SDKROOT = macosx;
			};
			name = Debug;
		};
		6E8A21BE09D6438D73E6F0DC /* Release */ = {
			isa = XCBuildConfiguration;
			buildSettings = {
				BUNDLE_LOADER = "$(TEST_HOST)";
				COMBINE_HIDPI_IMAGES = YES;
				GENERATE_INFOPLIST_FILE = YES;
				LD_RUNPATH_SEARCH_PATHS = (
					"$(inherited)",
					"@executable_path/../Frameworks",
					"@loader_path/../Frameworks",
				);
				PRODUCT_BUNDLE_IDENTIFIER = dev.glomeris.GlomerisMenuBarTests;
				SDKROOT = macosx;
			};
			name = Release;
		};
		BD580CF062EFD39DDFBC31E5 /* Debug */ = {
			isa = XCBuildConfiguration;
			buildSettings = {
				ASSETCATALOG_COMPILER_APPICON_NAME = AppIcon;
				COMBINE_HIDPI_IMAGES = YES;
				ENABLE_HARDENED_RUNTIME = NO;
				GENERATE_INFOPLIST_FILE = NO;
				INFOPLIST_FILE = Sources/Info.plist;
				LD_RUNPATH_SEARCH_PATHS = (
					"$(inherited)",
					"@executable_path/../Frameworks",
				);
				PRODUCT_BUNDLE_IDENTIFIER = dev.glomeris.GlomerisMenuBar;
				SDKROOT = macosx;
			};
			name = Debug;
		};
		D4AD67A35B114F7993C3E097 /* Release */ = {
			isa = XCBuildConfiguration;
			buildSettings = {
				ALWAYS_SEARCH_USER_PATHS = NO;
				CLANG_ANALYZER_NONNULL = YES;
				CLANG_ANALYZER_NUMBER_OBJECT_CONVERSION = YES_AGGRESSIVE;
				CLANG_CXX_LANGUAGE_STANDARD = "gnu++14";
				CLANG_CXX_LIBRARY = "libc++";
				CLANG_ENABLE_MODULES = YES;
				CLANG_ENABLE_OBJC_ARC = YES;
				CLANG_ENABLE_OBJC_WEAK = YES;
				CLANG_WARN_BLOCK_CAPTURE_AUTORELEASING = YES;
				CLANG_WARN_BOOL_CONVERSION = YES;
				CLANG_WARN_COMMA = YES;
				CLANG_WARN_CONSTANT_CONVERSION = YES;
				CLANG_WARN_DEPRECATED_OBJC_IMPLEMENTATIONS = YES;
				CLANG_WARN_DIRECT_OBJC_ISA_USAGE = YES_ERROR;
				CLANG_WARN_DOCUMENTATION_COMMENTS = YES;
				CLANG_WARN_EMPTY_BODY = YES;
				CLANG_WARN_ENUM_CONVERSION = YES;
				CLANG_WARN_INFINITE_RECURSION = YES;
				CLANG_WARN_INT_CONVERSION = YES;
				CLANG_WARN_NON_LITERAL_NULL_CONVERSION = YES;
				CLANG_WARN_OBJC_IMPLICIT_RETAIN_SELF = YES;
				CLANG_WARN_OBJC_LITERAL_CONVERSION = YES;
				CLANG_WARN_OBJC_ROOT_CLASS = YES_ERROR;
				CLANG_WARN_QUOTED_INCLUDE_IN_FRAMEWORK_HEADER = YES;
				CLANG_WARN_RANGE_LOOP_ANALYSIS = YES;
				CLANG_WARN_STRICT_PROTOTYPES = YES;
				CLANG_WARN_SUSPICIOUS_MOVE = YES;
				CLANG_WARN_UNGUARDED_AVAILABILITY = YES_AGGRESSIVE;
				CLANG_WARN_UNREACHABLE_CODE = YES;
				CLANG_WARN__DUPLICATE_METHOD_MATCH = YES;
				CODE_SIGNING_ALLOWED = NO;
				CODE_SIGNING_REQUIRED = NO;
				CODE_SIGN_STYLE = Automatic;
				COPY_PHASE_STRIP = NO;
				DEBUG_INFORMATION_FORMAT = "dwarf-with-dsym";
				DEVELOPMENT_TEAM = "";
				ENABLE_NS_ASSERTIONS = NO;
				ENABLE_STRICT_OBJC_MSGSEND = YES;
				GCC_C_LANGUAGE_STANDARD = gnu11;
				GCC_NO_COMMON_BLOCKS = YES;
				GCC_WARN_64_TO_32_BIT_CONVERSION = YES;
				GCC_WARN_ABOUT_RETURN_TYPE = YES_ERROR;
				GCC_WARN_UNDECLARED_SELECTOR = YES;
				GCC_WARN_UNINITIALIZED_AUTOS = YES_AGGRESSIVE;
				GCC_WARN_UNUSED_FUNCTION = YES;
				GCC_WARN_UNUSED_VARIABLE = YES;
				MACOSX_DEPLOYMENT_TARGET = 13.0;
				MTL_ENABLE_DEBUG_INFO = NO;
				MTL_FAST_MATH = YES;
				PRODUCT_NAME = "$(TARGET_NAME)";
				SDKROOT = macosx;
				SWIFT_COMPILATION_MODE = wholemodule;
				SWIFT_OPTIMIZATION_LEVEL = "-O";
				SWIFT_VERSION = 5.0;
			};
			name = Release;
		};
		F481F6CBAD6E83DE8AC578C7 /* Release */ = {
			isa = XCBuildConfiguration;
			buildSettings = {
				ASSETCATALOG_COMPILER_APPICON_NAME = AppIcon;
				COMBINE_HIDPI_IMAGES = YES;
				ENABLE_HARDENED_RUNTIME = NO;
				GENERATE_INFOPLIST_FILE = NO;
				INFOPLIST_FILE = Sources/Info.plist;
				LD_RUNPATH_SEARCH_PATHS = (
					"$(inherited)",
					"@executable_path/../Frameworks",
				);
				PRODUCT_BUNDLE_IDENTIFIER = dev.glomeris.GlomerisMenuBar;
				SDKROOT = macosx;
			};
			name = Release;
		};
/* End XCBuildConfiguration section */

/* Begin XCConfigurationList section */
		8886B6A1B2344FAFF11FB74E /* Build configuration list for PBXProject "GlomerisMenuBar" */ = {
			isa = XCConfigurationList;
			buildConfigurations = (
				1D472498935F4A09C8DB6838 /* Debug */,
				D4AD67A35B114F7993C3E097 /* Release */,
			);
			defaultConfigurationIsVisible = 0;
			defaultConfigurationName = Debug;
		};
		963068741E3C4BCFC1770279 /* Build configuration list for PBXNativeTarget "GlomerisMenuBar" */ = {
			isa = XCConfigurationList;
			buildConfigurations = (
				BD580CF062EFD39DDFBC31E5 /* Debug */,
				F481F6CBAD6E83DE8AC578C7 /* Release */,
			);
			defaultConfigurationIsVisible = 0;
			defaultConfigurationName = Debug;
		};
		C00505635BB71CEA5DCC1180 /* Build configuration list for PBXNativeTarget "GlomerisMenuBarTests" */ = {
			isa = XCConfigurationList;
			buildConfigurations = (
				624973132592C02D06F00A13 /* Debug */,
				6E8A21BE09D6438D73E6F0DC /* Release */,
			);
			defaultConfigurationIsVisible = 0;
			defaultConfigurationName = Debug;
		};
/* End XCConfigurationList section */
	};
	rootObject = 0CFEEE98094F45D069450350 /* Project object */;
}
